<?xml version="1.0" encoding="utf-8"?>
<Project ToolsVersion="4.0" xmlns="http://schemas.microsoft.com/developer/msbuild/2003">
  <ItemGroup>
    <Filter Include="Source Files">
      <UniqueIdentifier>{4FC737F1-C7A5-4376-A066-2A32D752A2FF}</UniqueIdentifier>
      <Extensions>cpp;c;cc;cxx;def;odl;idl;hpj;bat;asm;asmx</Extensions>
    </Filter>
    <Filter Include="Header Files">
      <UniqueIdentifier>{93995380-89BD-4b04-88EB-625FBE52EBFB}</UniqueIdentifier>
      <Extensions>h;hpp;hxx;hm;inl;inc;xsd</Extensions>
    </Filter>
    <Filter Include="Header Files\Logging">
      <UniqueIdentifier>{73d7d95f-9572-4efd-9377-4d06ff79da21}</UniqueIdentifier>
    </Filter>
    <Filter Include="Source Files\Logging">
      <UniqueIdentifier>{e417ae57-4238-408c-97f4-00bff58d306e}</UniqueIdentifier>
    </Filter>
    <Filter Include="Source Files\Graphics">
      <UniqueIdentifier>{b1f044cf-ae45-4d12-a384-05048581dd26}</UniqueIdentifier>
    </Filter>
    <Filter Include="Header Files\Graphics">
      <UniqueIdentifier>{f4b2c172-b4f0-40b2-9303-f541661dcd5b}</UniqueIdentifier>
    </Filter>
    <Filter Include="Header Files\Input">
      <UniqueIdentifier>{6ef2ca51-6a59-4823-b942-0c3a653d4fd9}</UniqueIdentifier>
    </Filter>
    <Filter Include="Source Files\Input">
      <UniqueIdentifier>{e68a7c76-0fe4-499d-a3d4-3231361df341}</UniqueIdentifier>
    </Filter>
    <Filter Include="Source Files\Window">
      <UniqueIdentifier>{8a3ad1f3-2c10-4e5e-a919-80ef4a0a7513}</UniqueIdentifier>
    </Filter>
    <Filter Include="Header Files\Window">
      <UniqueIdentifier>{ab2c2488-b5f6-42d0-842e-dd59f9786b7b}</UniqueIdentifier>
    </Filter>
    <Filter Include="Header Files\Settings">
      <UniqueIdentifier>{f6d424e7-b2bd-4d5c-8b33-30cdb53610d0}</UniqueIdentifier>
    </Filter>
    <Filter Include="Source Files\Settings">
      <UniqueIdentifier>{215edc27-2b18-41bc-96ff-43215c7e5e9b}</UniqueIdentifier>
    </Filter>
    <Filter Include="Header Files\Objects">
      <UniqueIdentifier>{bce03570-e459-4dc8-93bb-56e82703776b}</UniqueIdentifier>
    </Filter>
    <Filter Include="Source Files\Objects">
      <UniqueIdentifier>{f2526dfa-a961-4f9b-bad2-bce911bbc34a}</UniqueIdentifier>
    </Filter>
    <Filter Include="Header Files\Resource">
      <UniqueIdentifier>{4a518ce9-5668-4354-ba33-fdbec139c6b0}</UniqueIdentifier>
    </Filter>
    <Filter Include="Source Files\Resource">
      <UniqueIdentifier>{862d9db2-14d5-4ba9-96db-ee9ad151c2cf}</UniqueIdentifier>
    </Filter>
    <Filter Include="Resource Files">
      <UniqueIdentifier>{39b952da-c0dd-4984-8ec4-4fd94a787d99}</UniqueIdentifier>
    </Filter>
    <Filter Include="Header Files\Kernel">
      <UniqueIdentifier>{73f85853-a8a1-4c8f-bfd9-7ff176e90ebb}</UniqueIdentifier>
    </Filter>
    <Filter Include="Source Files\Kernel">
      <UniqueIdentifier>{d3ee21d7-9824-4c3e-92e8-a87b157cd532}</UniqueIdentifier>
    </Filter>
    <Filter Include="Source Files\Parser">
      <UniqueIdentifier>{88b2acfe-2248-4721-8a4d-e9450d0940d4}</UniqueIdentifier>
    </Filter>
    <Filter Include="Source Files\Terrain">
      <UniqueIdentifier>{0eb6c8d1-38b6-45af-91ee-2020adc418ba}</UniqueIdentifier>
    </Filter>
    <Filter Include="Header Files\Terrain">
      <UniqueIdentifier>{5b385099-3ea0-4550-a72b-a41b33a36db8}</UniqueIdentifier>
    </Filter>
  </ItemGroup>
  <ItemGroup>
    <ClCompile Include="logger.cpp">
      <Filter>Source Files\Logging</Filter>
    </ClCompile>
    <ClCompile Include="window.cpp">
      <Filter>Source Files\Window</Filter>
    </ClCompile>
    <ClCompile Include="loggermanager.cpp">
      <Filter>Source Files\Logging</Filter>
    </ClCompile>
    <ClCompile Include="keyboard.cpp">
      <Filter>Source Files\Input</Filter>
    </ClCompile>
    <ClCompile Include="mouse.cpp">
      <Filter>Source Files\Input</Filter>
    </ClCompile>
    <ClCompile Include="inputmanager.cpp">
      <Filter>Source Files\Input</Filter>
    </ClCompile>
    <ClCompile Include="d3d11.cpp">
      <Filter>Source Files\Graphics</Filter>
    </ClCompile>
    <ClCompile Include="scene.cpp">
      <Filter>Source Files\Graphics</Filter>
    </ClCompile>
    <ClCompile Include="windowmanager.cpp">
      <Filter>Source Files\Window</Filter>
    </ClCompile>
    <ClCompile Include="scenemanager.cpp">
      <Filter>Source Files\Graphics</Filter>
    </ClCompile>
    <ClCompile Include="entity.cpp">
      <Filter>Source Files\Objects</Filter>
    </ClCompile>
    <ClCompile Include="resourcemanager.cpp">
      <Filter>Source Files\Resource</Filter>
    </ClCompile>
    <ClCompile Include="camera.cpp">
      <Filter>Source Files\Objects</Filter>
    </ClCompile>
    <ClCompile Include="model.cpp">
      <Filter>Source Files\Objects</Filter>
    </ClCompile>
    <ClCompile Include="kernel.cpp">
      <Filter>Source Files\Kernel</Filter>
    </ClCompile>
    <ClCompile Include="texture.cpp">
      <Filter>Source Files\Resource</Filter>
    </ClCompile>
    <ClCompile Include="shader.cpp">
      <Filter>Source Files\Resource</Filter>
    </ClCompile>
    <ClCompile Include="timer.cpp">
      <Filter>Source Files\Resource</Filter>
    </ClCompile>
    <ClCompile Include="light.cpp">
      <Filter>Source Files\Resource</Filter>
    </ClCompile>
    <ClCompile Include="terrain.cpp">
      <Filter>Source Files\Terrain</Filter>
    </ClCompile>
    <ClCompile Include="skydome.cpp">
      <Filter>Source Files\Terrain</Filter>
    </ClCompile>
    <ClCompile Include="skyplane.cpp">
      <Filter>Source Files\Terrain</Filter>
    </ClCompile>
  </ItemGroup>
  <ItemGroup>
    <ClInclude Include="loggermanager.h">
      <Filter>Header Files\Logging</Filter>
    </ClInclude>
    <ClInclude Include="logger.h">
      <Filter>Header Files\Logging</Filter>
    </ClInclude>
    <ClInclude Include="window.h">
      <Filter>Header Files\Window</Filter>
    </ClInclude>
    <ClInclude Include="windowmanager.h">
      <Filter>Header Files\Window</Filter>
    </ClInclude>
    <ClInclude Include="keyboard.h">
      <Filter>Header Files\Input</Filter>
    </ClInclude>
    <ClInclude Include="mouse.h">
      <Filter>Header Files\Input</Filter>
    </ClInclude>
    <ClInclude Include="inputmanager.h">
      <Filter>Header Files\Input</Filter>
    </ClInclude>
    <ClInclude Include="scenemanager.h">
      <Filter>Header Files\Graphics</Filter>
    </ClInclude>
    <ClInclude Include="i_renderer.h">
      <Filter>Header Files\Graphics</Filter>
    </ClInclude>
    <ClInclude Include="d3d11.h">
      <Filter>Header Files\Graphics</Filter>
    </ClInclude>
    <ClInclude Include="i_inputdevice.h">
      <Filter>Header Files\Input</Filter>
    </ClInclude>
    <ClInclude Include="settings.h">
      <Filter>Header Files\Settings</Filter>
    </ClInclude>
    <ClInclude Include="scene.h">
      <Filter>Header Files\Graphics</Filter>
    </ClInclude>
    <ClInclude Include="i_window.h">
      <Filter>Header Files\Window</Filter>
    </ClInclude>
    <ClInclude Include="model.h">
      <Filter>Header Files\Objects</Filter>
    </ClInclude>
    <ClInclude Include="entity.h">
      <Filter>Header Files\Objects</Filter>
    </ClInclude>
    <ClInclude Include="resourcemanager.h">
      <Filter>Header Files\Resource</Filter>
    </ClInclude>
    <ClInclude Include="camera.h">
      <Filter>Header Files\Objects</Filter>
    </ClInclude>
    <ClInclude Include="kernel.h">
      <Filter>Header Files\Kernel</Filter>
    </ClInclude>
    <ClInclude Include="customstruct.h">
      <Filter>Header Files\Settings</Filter>
    </ClInclude>
    <ClInclude Include="texture.h">
      <Filter>Header Files\Resource</Filter>
    </ClInclude>
    <ClInclude Include="shader.h">
      <Filter>Header Files\Resource</Filter>
    </ClInclude>
    <ClInclude Include="timer.h">
      <Filter>Header Files\Resource</Filter>
    </ClInclude>
    <ClInclude Include="light.h">
      <Filter>Header Files\Resource</Filter>
    </ClInclude>
    <ClInclude Include="terrain.h">
      <Filter>Header Files\Terrain</Filter>
    </ClInclude>
    <ClInclude Include="skydome.h">
      <Filter>Header Files\Terrain</Filter>
    </ClInclude>
    <ClInclude Include="skyplane.h">
      <Filter>Header Files\Terrain</Filter>
    </ClInclude>
  </ItemGroup>
  <ItemGroup>
    <None Include="light.ps">
      <Filter>Resource Files</Filter>
    </None>
    <None Include="light.vs">
      <Filter>Resource Files</Filter>
    </None>
    <None Include="skydome.ps">
      <Filter>Resource Files</Filter>
    </None>
    <None Include="skydome.vs">
      <Filter>Resource Files</Filter>
    </None>
  </ItemGroup>
</Project>